
Microsoft Visual Studio Solution File, Format Version 12.00
# Visual Studio Version 17
VisualStudioVersion = 17.11.35303.130
MinimumVisualStudioVersion = 10.0.40219.1
Project("{FAE04EC0-301F-11D3-BF4B-00C04F79EFBC}") = "Tamagotchiv2", "Tamagotchiv2.csproj", "{054F233E-F5F3-4CD4-9E08-36BFCD359197}"
EndProject
Global
	GlobalSection(SolutionConfigurationPlatforms) = preSolution
		Debug|Any CPU = Debug|Any CPU
		Release|Any CPU = Release|Any CPU
	EndGlobalSection
	GlobalSection(ProjectConfigurationPlatforms) = postSolution
		{054F233E-F5F3-4CD4-9E08-36BFCD359197}.Debug|Any CPU.ActiveCfg = Debug|Any CPU
		{054F233E-F5F3-4CD4-9E08-36BFCD359197}.Debug|Any CPU.Build.0 = Debug|Any CPU
		{054F233E-F5F3-4CD4-9E08-36BFCD359197}.Release|Any CPU.ActiveCfg = Release|Any CPU
		{054F233E-F5F3-4CD4-9E08-36BFCD359197}.Release|Any CPU.Build.0 = Release|Any CPU
	EndGlobalSection
	GlobalSection(SolutionProperties) = preSolution
		HideSolutionNode = FALSE
	EndGlobalSection
	GlobalSection(ExtensibilityGlobals) = postSolution
		SolutionGuid = {ADFA5C8A-7582-425B-B602-AA69177CAB00}
	EndGlobalSection
EndGlobal
